<Solution><Folder Name="/src/"><Project Path="src/FlowCore.Domain/FlowCore.Domain.csproj" /><Project Path="src/FlowCore.Application/FlowCore.Application.csproj" /><Project Path="src/FlowCore.Infrastructure/FlowCore.Infrastructure.csproj" /><Project Path="src/FlowCore.Contracts/FlowCore.Contracts.csproj" /><Project Path="src/FlowCore.Api/FlowCore.Api.csproj" /><Project Path="src/FlowCore.SignalR/FlowCore.SignalR.csproj" /><Project Path="src/FlowCore.Client/FlowCore.Client.csproj" /><Project Path="src/FlowCore.Admin/FlowCore.Admin.csproj" /></Folder><Folder Name="/tests/"><Project Path="tests/FlowCore.Domain.Tests/FlowCore.Domain.Tests.csproj" /><Project Path="tests/FlowCore.Application.Tests/FlowCore.Application.Tests.csproj" /><Project Path="tests/FlowCore.Infrastructure.Tests/FlowCore.Infrastructure.Tests.csproj" /><Project Path="tests/FlowCore.Api.Tests/FlowCore.Api.Tests.csproj" /><Project Path="tests/FlowCore.Architecture.Tests/FlowCore.Architecture.Tests.csproj" /></Folder></Solution>
